{"1.1.0",
[{<<"acceptor_pool">>,{pkg,<<"acceptor_pool">>,<<"1.0.0">>},1},
 {<<"gen_flow">>,{pkg,<<"gen_flow">>,<<"0.0.5">>},0},
 {<<"gen_fsm_compat">>,{pkg,<<"gen_fsm_compat">>,<<"0.3.0">>},0},
 {<<"lasp_support">>,
  {git,"https://github.com/Laymer/lasp_support.git",
       {ref,"d790ae8d10f6938957bfbca677d147af79275355"}},
  0},
 {<<"partisan">>,
  {git,"https://github.com/barrel-db/partisan.git",
       {ref,"52744488e11ab660e863d9123b47de7e2454138d"}},
  0},
 {<<"plumtree">>,
  {git,"https://github.com/Laymer/plumtree.git",
       {ref,"29cea3e23ea3c6cffe68436bfd87948385f660a0"}},
  0},
 {<<"quickrand">>,{pkg,<<"quickrand">>,<<"1.8.0">>},2},
 {<<"rand_compat">>,{pkg,<<"rand_compat">>,<<"0.0.3">>},0},
 {<<"time_compat">>,{pkg,<<"time_compat">>,<<"0.0.1">>},0},
 {<<"types">>,{pkg,<<"types">>,<<"0.1.8">>},0},
 {<<"uuid">>,{pkg,<<"uuid_erl">>,<<"1.8.0">>},1}]}.
[
{pkg_hash,[
 {<<"acceptor_pool">>, <<"43C20D2ACAE35F0C2BCD64F9D2BDE267E459F0F3FD23DAB26485BF518C281B21">>},
 {<<"gen_flow">>, <<"2FF6ABE3ED1C5C9BC41F81BF09364A3F63F96E4D378D45A2A2DDC4FC06F3484A">>},
 {<<"gen_fsm_compat">>, <<"5903549F67D595F58A7101154CBE0FDD46955FBFBE40813F1E53C23A970FF5F4">>},
 {<<"quickrand">>, <<"E47CE597FF067385FF5836C8C7706AC7F8AA7B47DD90C6417E05B64696F872FA">>},
 {<<"rand_compat">>, <<"011646BC1F0B0C432FE101B816F25B9BBB74A085713CEE1DAFD2D62E9415EAD3">>},
 {<<"time_compat">>, <<"23FE0AD1FDF3B5B88821B2D04B4B5E865BF587AE66056D671FE0F53514ED8139">>},
 {<<"types">>, <<"5782B67231E8C174FE2835395E71E669FE0121076779D2A09F1C0D58EE0E2F13">>},
 {<<"uuid">>, <<"280014F8FF57FCE36EE6E91C3ECF21CBFCE78AAE9854C09597BB4C11E27B66D6">>}]}
].
